// !$*UTF8*$!
{
	archiveVersion = 1;
	classes = {
	};
	objectVersion = 46;
	objects = {

/* Begin PBXBuildFile section */
		1FDCA5701587959A0010B272 /* UIKit.framework in Frameworks */ = {isa = PBXBuildFile; fileRef = 1FDCA56F1587959A0010B272 /* UIKit.framework */; };
		1FDCA5721587959A0010B272 /* Foundation.framework in Frameworks */ = {isa = PBXBuildFile; fileRef = 1FDCA5711587959A0010B272 /* Foundation.framework */; };
		1FDCA5741587959A0010B272 /* CoreGraphics.framework in Frameworks */ = {isa = PBXBuildFile; fileRef = 1FDCA5731587959A0010B272 /* CoreGraphics.framework */; };
		1FDCA57A1587959A0010B272 /* InfoPlist.strings in Resources */ = {isa = PBXBuildFile; fileRef = 1FDCA5781587959A0010B272 /* InfoPlist.strings */; };
		1FDCA57C1587959A0010B272 /* main.m in Sources */ = {isa = PBXBuildFile; fileRef = 1FDCA57B1587959A0010B272 /* main.m */; };
		1FDCA5801587959A0010B272 /* AKAppDelegate.m in Sources */ = {isa = PBXBuildFile; fileRef = 1FDCA57F1587959A0010B272 /* AKAppDelegate.m */; };
		1FDCA5831587959A0010B272 /* AKViewController.m in Sources */ = {isa = PBXBuildFile; fileRef = 1FDCA5821587959A0010B272 /* AKViewController.m */; };
		1FDCA5861587959A0010B272 /* AKViewController.xib in Resources */ = {isa = PBXBuildFile; fileRef = 1FDCA5841587959A0010B272 /* AKViewController.xib */; };
		1FDCA590158795A60010B272 /* libAmazeKit.a in Frameworks */ = {isa = PBXBuildFile; fileRef = 1FDCA58F158795A60010B272 /* libAmazeKit.a */; };
/* End PBXBuildFile section */

/* Begin PBXFileReference section */
		1FDCA56B1587959A0010B272 /* SmapleApp.app */ = {isa = PBXFileReference; explicitFileType = wrapper.application; includeInIndex = 0; path = SmapleApp.app; sourceTree = BUILT_PRODUCTS_DIR; };
		1FDCA56F1587959A0010B272 /* UIKit.framework */ = {isa = PBXFileReference; lastKnownFileType = wrapper.framework; name = UIKit.framework; path = System/Library/Frameworks/UIKit.framework; sourceTree = SDKROOT; };
		1FDCA5711587959A0010B272 /* Foundation.framework */ = {isa = PBXFileReference; lastKnownFileType = wrapper.framework; name = Foundation.framework; path = System/Library/Frameworks/Foundation.framework; sourceTree = SDKROOT; };
		1FDCA5731587959A0010B272 /* CoreGraphics.framework */ = {isa = PBXFileReference; lastKnownFileType = wrapper.framework; name = CoreGraphics.framework; path = System/Library/Frameworks/CoreGraphics.framework; sourceTree = SDKROOT; };
		1FDCA5771587959A0010B272 /* SmapleApp-Info.plist */ = {isa = PBXFileReference; lastKnownFileType = text.plist.xml; path = "SmapleApp-Info.plist"; sourceTree = "<group>"; };
		1FDCA5791587959A0010B272 /* en */ = {isa = PBXFileReference; lastKnownFileType = text.plist.strings; name = en; path = en.lproj/InfoPlist.strings; sourceTree = "<group>"; };
		1FDCA57B1587959A0010B272 /* main.m */ = {isa = PBXFileReference; lastKnownFileType = sourcecode.c.objc; path = main.m; sourceTree = "<group>"; };
		1FDCA57D1587959A0010B272 /* SmapleApp-Prefix.pch */ = {isa = PBXFileReference; lastKnownFileType = sourcecode.c.h; path = "SmapleApp-Prefix.pch"; sourceTree = "<group>"; };
		1FDCA57E1587959A0010B272 /* AKAppDelegate.h */ = {isa = PBXFileReference; lastKnownFileType = sourcecode.c.h; path = AKAppDelegate.h; sourceTree = "<group>"; };
		1FDCA57F1587959A0010B272 /* AKAppDelegate.m */ = {isa = PBXFileReference; lastKnownFileType = sourcecode.c.objc; path = AKAppDelegate.m; sourceTree = "<group>"; };
		1FDCA5811587959A0010B272 /* AKViewController.h */ = {isa = PBXFileReference; lastKnownFileType = sourcecode.c.h; path = AKViewController.h; sourceTree = "<group>"; };
		1FDCA5821587959A0010B272 /* AKViewController.m */ = {isa = PBXFileReference; lastKnownFileType = sourcecode.c.objc; path = AKViewController.m; sourceTree = "<group>"; };
		1FDCA5851587959A0010B272 /* en */ = {isa = PBXFileReference; lastKnownFileType = file.xib; name = en; path = en.lproj/AKViewController.xib; sourceTree = "<group>"; };
		1FDCA58F158795A60010B272 /* libAmazeKit.a */ = {isa = PBXFileReference; lastKnownFileType = archive.ar; name = libAmazeKit.a; path = "../../../Library/Developer/Xcode/DerivedData/AmazeKit-agpvomjnahufmvcibdwnaitlcbzx/Build/Products/Debug-iphoneos/libAmazeKit.a"; sourceTree = "<group>"; };
/* End PBXFileReference section */

/* Begin PBXFrameworksBuildPhase section */
		1FDCA5681587959A0010B272 /* Frameworks */ = {
			isa = PBXFrameworksBuildPhase;
			buildActionMask = 2147483647;
			files = (
				1FDCA590158795A60010B272 /* libAmazeKit.a in Frameworks */,
				1FDCA5701587959A0010B272 /* UIKit.framework in Frameworks */,
				1FDCA5721587959A0010B272 /* Foundation.framework in Frameworks */,
				1FDCA5741587959A0010B272 /* CoreGraphics.framework in Frameworks */,
			);
			runOnlyForDeploymentPostprocessing = 0;
		};
/* End PBXFrameworksBuildPhase section */

/* Begin PBXGroup section */
		1FDCA5601587959A0010B272 = {
			isa = PBXGroup;
			children = (
				1FDCA5751587959A0010B272 /* SmapleApp */,
				1FDCA56E1587959A0010B272 /* Frameworks */,
				1FDCA56C1587959A0010B272 /* Products */,
			);
			sourceTree = "<group>";
		};
		1FDCA56C1587959A0010B272 /* Products */ = {
			isa = PBXGroup;
			children = (
				1FDCA56B1587959A0010B272 /* SmapleApp.app */,
			);
			name = Products;
			sourceTree = "<group>";
		};
		1FDCA56E1587959A0010B272 /* Frameworks */ = {
			isa = PBXGroup;
			children = (
				1FDCA5731587959A0010B272 /* CoreGraphics.framework */,
				1FDCA5711587959A0010B272 /* Foundation.framework */,
				1FDCA56F1587959A0010B272 /* UIKit.framework */,
				1FDCA58F158795A60010B272 /* libAmazeKit.a */,
			);
			name = Frameworks;
			sourceTree = "<group>";
		};
		1FDCA5751587959A0010B272 /* SmapleApp */ = {
			isa = PBXGroup;
			children = (
				1FDCA57E1587959A0010B272 /* AKAppDelegate.h */,
				1FDCA57F1587959A0010B272 /* AKAppDelegate.m */,
				1FDCA5811587959A0010B272 /* AKViewController.h */,
				1FDCA5821587959A0010B272 /* AKViewController.m */,
				1FDCA5841587959A0010B272 /* AKViewController.xib */,
				1FDCA5761587959A0010B272 /* Supporting Files */,
			);
			path = SmapleApp;
			sourceTree = "<group>";
		};
		1FDCA5761587959A0010B272 /* Supporting Files */ = {
			isa = PBXGroup;
			children = (
				1FDCA5771587959A0010B272 /* SmapleApp-Info.plist */,
				1FDCA5781587959A0010B272 /* InfoPlist.strings */,
				1FDCA57B1587959A0010B272 /* main.m */,
				1FDCA57D1587959A0010B272 /* SmapleApp-Prefix.pch */,
			);
			name = "Supporting Files";
			sourceTree = "<group>";
		};
/* End PBXGroup section */

/* Begin PBXNativeTarget section */
		1FDCA56A1587959A0010B272 /* SmapleApp */ = {
			isa = PBXNativeTarget;
			buildConfigurationList = 1FDCA5891587959A0010B272 /* Build configuration list for PBXNativeTarget "SmapleApp" */;
			buildPhases = (
				1FDCA5671587959A0010B272 /* Sources */,
				1FDCA5681587959A0010B272 /* Frameworks */,
				1FDCA5691587959A0010B272 /* Resources */,
			);
			buildRules = (
			);
			dependencies = (
			);
			name = SmapleApp;
			productName = SmapleApp;
			productReference = 1FDCA56B1587959A0010B272 /* SmapleApp.app */;
			productType = "com.apple.product-type.application";
		};
/* End PBXNativeTarget section */

/* Begin PBXProject section */
		1FDCA5621587959A0010B272 /* Project object */ = {
			isa = PBXProject;
			attributes = {
				CLASSPREFIX = AK;
				LastUpgradeCheck = 0430;
				ORGANIZATIONNAME = "Detroit Labs";
			};
			buildConfigurationList = 1FDCA5651587959A0010B272 /* Build configuration list for PBXProject "SmapleApp" */;
			compatibilityVersion = "Xcode 3.2";
			developmentRegion = English;
			hasScannedForEncodings = 0;
			knownRegions = (
				en,
			);
			mainGroup = 1FDCA5601587959A0010B272;
			productRefGroup = 1FDCA56C1587959A0010B272 /* Products */;
			projectDirPath = "";
			projectRoot = "";
			targets = (
				1FDCA56A1587959A0010B272 /* SmapleApp */,
			);
		};
/* End PBXProject section */

/* Begin PBXResourcesBuildPhase section */
		1FDCA5691587959A0010B272 /* Resources */ = {
			isa = PBXResourcesBuildPhase;
			buildActionMask = 2147483647;
			files = (
				1FDCA57A1587959A0010B272 /* InfoPlist.strings in Resources */,
				1FDCA5861587959A0010B272 /* AKViewController.xib in Resources */,
			);
			runOnlyForDeploymentPostprocessing = 0;
		};
/* End PBXResourcesBuildPhase section */

/* Begin PBXSourcesBuildPhase section */
		1FDCA5671587959A0010B272 /* Sources */ = {
			isa = PBXSourcesBuildPhase;
			buildActionMask = 2147483647;
			files = (
				1FDCA57C1587959A0010B272 /* main.m in Sources */,
				1FDCA5801587959A0010B272 /* AKAppDelegate.m in Sources */,
				1FDCA5831587959A0010B272 /* AKViewController.m in Sources */,
			);
			runOnlyForDeploymentPostprocessing = 0;
		};
/* End PBXSourcesBuildPhase section */

/* Begin PBXVariantGroup section */
		1FDCA5781587959A0010B272 /* InfoPlist.strings */ = {
			isa = PBXVariantGroup;
			children = (
				1FDCA5791587959A0010B272 /* en */,
			);
			name = InfoPlist.strings;
			sourceTree = "<group>";
		};
		1FDCA5841587959A0010B272 /* AKViewController.xib */ = {
			isa = PBXVariantGroup;
			children = (
				1FDCA5851587959A0010B272 /* en */,
			);
			name = AKViewController.xib;
			sourceTree = "<group>";
		};
/* End PBXVariantGroup section */

/* Begin XCBuildConfiguration section */
		1FDCA5871587959A0010B272 /* Debug */ = {
			isa = XCBuildConfiguration;
			buildSettings = {
				ALWAYS_SEARCH_USER_PATHS = NO;
				ARCHS = "$(ARCHS_STANDARD_32_BIT)";
				CLANG_ENABLE_OBJC_ARC = YES;
				"CODE_SIGN_IDENTITY[sdk=iphoneos*]" = "iPhone Developer";
				COPY_PHASE_STRIP = NO;
				GCC_C_LANGUAGE_STANDARD = gnu99;
				GCC_DYNAMIC_NO_PIC = NO;
				GCC_OPTIMIZATION_LEVEL = 0;
				GCC_PREPROCESSOR_DEFINITIONS = (
					"DEBUG=1",
					"$(inherited)",
				);
				GCC_SYMBOLS_PRIVATE_EXTERN = NO;
				GCC_VERSION = com.apple.compilers.llvm.clang.1_0;
				GCC_WARN_ABOUT_RETURN_TYPE = YES;
				GCC_WARN_UNINITIALIZED_AUTOS = YES;
				GCC_WARN_UNUSED_VARIABLE = YES;
				IPHONEOS_DEPLOYMENT_TARGET = 5.1;
				SDKROOT = iphoneos;
			};
			name = Debug;
		};
		1FDCA5881587959A0010B272 /* Release */ = {
			isa = XCBuildConfiguration;
			buildSettings = {
				ALWAYS_SEARCH_USER_PATHS = NO;
				ARCHS = "$(ARCHS_STANDARD_32_BIT)";
				CLANG_ENABLE_OBJC_ARC = YES;
				"CODE_SIGN_IDENTITY[sdk=iphoneos*]" = "iPhone Developer";
				COPY_PHASE_STRIP = YES;
				GCC_C_LANGUAGE_STANDARD = gnu99;
				GCC_VERSION = com.apple.compilers.llvm.clang.1_0;
				GCC_WARN_ABOUT_RETURN_TYPE = YES;
				GCC_WARN_UNINITIALIZED_AUTOS = YES;
				GCC_WARN_UNUSED_VARIABLE = YES;
				IPHONEOS_DEPLOYMENT_TARGET = 5.1;
				OTHER_CFLAGS = "-DNS_BLOCK_ASSERTIONS=1";
				SDKROOT = iphoneos;
				VALIDATE_PRODUCT = YES;
			};
			name = Release;
		};
		1FDCA58A1587959A0010B272 /* Debug */ = {
			isa = XCBuildConfiguration;
			buildSettings = {
				GCC_PRECOMPILE_PREFIX_HEADER = YES;
				GCC_PREFIX_HEADER = "SmapleApp/SmapleApp-Prefix.pch";
				HEADER_SEARCH_PATHS = "$(SRCROOT)/../AmazeKit/**";
				INFOPLIST_FILE = "SmapleApp/SmapleApp-Info.plist";
				LIBRARY_SEARCH_PATHS = (
					"$(inherited)",
					"\"$(SRCROOT)/../../../Library/Developer/Xcode/DerivedData/AmazeKit-agpvomjnahufmvcibdwnaitlcbzx/Build/Products/Debug-iphoneos\"",
				);
				PRODUCT_NAME = "$(TARGET_NAME)";
				WRAPPER_EXTENSION = app;
			};
			name = Debug;
		};
		1FDCA58B1587959A0010B272 /* Release */ = {
			isa = XCBuildConfiguration;
			buildSettings = {
				GCC_PRECOMPILE_PREFIX_HEADER = YES;
				GCC_PREFIX_HEADER = "SmapleApp/SmapleApp-Prefix.pch";
				HEADER_SEARCH_PATHS = "$(SRCROOT)/../AmazeKit/**";
				INFOPLIST_FILE = "SmapleApp/SmapleApp-Info.plist";
				LIBRARY_SEARCH_PATHS = (
					"$(inherited)",
					"\"$(SRCROOT)/../../../Library/Developer/Xcode/DerivedData/AmazeKit-agpvomjnahufmvcibdwnaitlcbzx/Build/Products/Debug-iphoneos\"",
				);
				PRODUCT_NAME = "$(TARGET_NAME)";
				WRAPPER_EXTENSION = app;
			};
			name = Release;
		};
/* End XCBuildConfiguration section */

/* Begin XCConfigurationList section */
		1FDCA5651587959A0010B272 /* Build configuration list for PBXProject "SmapleApp" */ = {
			isa = XCConfigurationList;
			buildConfigurations = (
				1FDCA5871587959A0010B272 /* Debug */,
				1FDCA5881587959A0010B272 /* Release */,
			);
			defaultConfigurationIsVisible = 0;
			defaultConfigurationName = Release;
		};
		1FDCA5891587959A0010B272 /* Build configuration list for PBXNativeTarget "SmapleApp" */ = {
			isa = XCConfigurationList;
			buildConfigurations = (
				1FDCA58A1587959A0010B272 /* Debug */,
				1FDCA58B1587959A0010B272 /* Release */,
			);
			defaultConfigurationIsVisible = 0;
		};
/* End XCConfigurationList section */
	};
	rootObject = 1FDCA5621587959A0010B272 /* Project object */;
}
